
Microsoft Visual Studio Solution File, Format Version 12.00
# Visual Studio Version 17
VisualStudioVersion = 17.3.32929.385
MinimumVisualStudioVersion = 10.0.40219.1
Project("{FAE04EC0-301F-11D3-BF4B-00C04F79EFBC}") = "SocietyClubPortal", "SocietyClubPortal\SocietyClubPortal.csproj", "{52A5D957-9BB1-4B8C-BF2D-1802F4DCE83B}"
EndProject
Project("{FAE04EC0-301F-11D3-BF4B-00C04F79EFBC}") = "SocietyClubPortal.Models", "SocietyClubPortal.Models\SocietyClubPortal.Models.csproj", "{742EC31C-6FFD-4293-91E3-483A7DD2A425}"
EndProject
Project("{FAE04EC0-301F-11D3-BF4B-00C04F79EFBC}") = "REST_APIS", "REST_APIS\REST_APIS.csproj", "{27089A7D-2AD7-4A75-AED2-CAFF72D0E9F7}"
EndProject
Global
	GlobalSection(SolutionConfigurationPlatforms) = preSolution
		Debug|Any CPU = Debug|Any CPU
		Release|Any CPU = Release|Any CPU
	EndGlobalSection
	GlobalSection(ProjectConfigurationPlatforms) = postSolution
		{52A5D957-9BB1-4B8C-BF2D-1802F4DCE83B}.Debug|Any CPU.ActiveCfg = Debug|Any CPU
		{52A5D957-9BB1-4B8C-BF2D-1802F4DCE83B}.Debug|Any CPU.Build.0 = Debug|Any CPU
		{52A5D957-9BB1-4B8C-BF2D-1802F4DCE83B}.Release|Any CPU.ActiveCfg = Release|Any CPU
		{52A5D957-9BB1-4B8C-BF2D-1802F4DCE83B}.Release|Any CPU.Build.0 = Release|Any CPU
		{742EC31C-6FFD-4293-91E3-483A7DD2A425}.Debug|Any CPU.ActiveCfg = Debug|Any CPU
		{742EC31C-6FFD-4293-91E3-483A7DD2A425}.Debug|Any CPU.Build.0 = Debug|Any CPU
		{742EC31C-6FFD-4293-91E3-483A7DD2A425}.Release|Any CPU.ActiveCfg = Release|Any CPU
		{742EC31C-6FFD-4293-91E3-483A7DD2A425}.Release|Any CPU.Build.0 = Release|Any CPU
		{27089A7D-2AD7-4A75-AED2-CAFF72D0E9F7}.Debug|Any CPU.ActiveCfg = Debug|Any CPU
		{27089A7D-2AD7-4A75-AED2-CAFF72D0E9F7}.Debug|Any CPU.Build.0 = Debug|Any CPU
		{27089A7D-2AD7-4A75-AED2-CAFF72D0E9F7}.Release|Any CPU.ActiveCfg = Release|Any CPU
		{27089A7D-2AD7-4A75-AED2-CAFF72D0E9F7}.Release|Any CPU.Build.0 = Release|Any CPU
	EndGlobalSection
	GlobalSection(SolutionProperties) = preSolution
		HideSolutionNode = FALSE
	EndGlobalSection
	GlobalSection(ExtensibilityGlobals) = postSolution
		SolutionGuid = {3562CD15-8AC4-4E05-A1E1-6704EC2045DB}
	EndGlobalSection
EndGlobal
